
Microsoft Visual Studio Solution File, Format Version 12.00
# Visual Studio Version 17
VisualStudioVersion = 17.9.34622.214
MinimumVisualStudioVersion = 10.0.40219.1
Project("{9A19103F-16F7-4668-BE54-9A1E7A4F7556}") = "BackendPsychSite.Core", "BackendPsychSite.Core\BackendPsychSite.Core.csproj", "{A7D5741E-5D2D-4832-B01B-B0962FEAEFC0}"
EndProject
Project("{9A19103F-16F7-4668-BE54-9A1E7A4F7556}") = "BackendPsychSite.UseCases", "BackendPsychSite.UseCases\BackendPsychSite.UseCases.csproj", "{97F964F1-D0FF-41EF-A0D9-879A80C2276A}"
EndProject
Project("{9A19103F-16F7-4668-BE54-9A1E7A4F7556}") = "BackendPsychSite.API", "BackendPsychSite.API\BackendPsychSite.API.csproj", "{B92ABD63-68DD-45A0-AEE7-55FC6E2E5A2F}"
EndProject
Project("{9A19103F-16F7-4668-BE54-9A1E7A4F7556}") = "BackendPsychSite.Infrastructure", "BackendPsychSite.Infrastructure\BackendPsychSite.Infrastructure.csproj", "{D12D2060-601E-4B9F-BEC0-C9C62C34EEF9}"
EndProject
Project("{9A19103F-16F7-4668-BE54-9A1E7A4F7556}") = "BackendPsychSite.DataAccess", "BackendPsychSite.DataAccess\BackendPsychSite.DataAccess.csproj", "{98E5C2C7-121F-427C-B1EE-0CA962B4D625}"
EndProject
Global
	GlobalSection(SolutionConfigurationPlatforms) = preSolution
		Debug|Any CPU = Debug|Any CPU
		Release|Any CPU = Release|Any CPU
	EndGlobalSection
	GlobalSection(ProjectConfigurationPlatforms) = postSolution
		{A7D5741E-5D2D-4832-B01B-B0962FEAEFC0}.Debug|Any CPU.ActiveCfg = Debug|Any CPU
		{A7D5741E-5D2D-4832-B01B-B0962FEAEFC0}.Debug|Any CPU.Build.0 = Debug|Any CPU
		{A7D5741E-5D2D-4832-B01B-B0962FEAEFC0}.Release|Any CPU.ActiveCfg = Release|Any CPU
		{A7D5741E-5D2D-4832-B01B-B0962FEAEFC0}.Release|Any CPU.Build.0 = Release|Any CPU
		{97F964F1-D0FF-41EF-A0D9-879A80C2276A}.Debug|Any CPU.ActiveCfg = Debug|Any CPU
		{97F964F1-D0FF-41EF-A0D9-879A80C2276A}.Debug|Any CPU.Build.0 = Debug|Any CPU
		{97F964F1-D0FF-41EF-A0D9-879A80C2276A}.Release|Any CPU.ActiveCfg = Release|Any CPU
		{97F964F1-D0FF-41EF-A0D9-879A80C2276A}.Release|Any CPU.Build.0 = Release|Any CPU
		{B92ABD63-68DD-45A0-AEE7-55FC6E2E5A2F}.Debug|Any CPU.ActiveCfg = Debug|Any CPU
		{B92ABD63-68DD-45A0-AEE7-55FC6E2E5A2F}.Debug|Any CPU.Build.0 = Debug|Any CPU
		{B92ABD63-68DD-45A0-AEE7-55FC6E2E5A2F}.Release|Any CPU.ActiveCfg = Release|Any CPU
		{B92ABD63-68DD-45A0-AEE7-55FC6E2E5A2F}.Release|Any CPU.Build.0 = Release|Any CPU
		{D12D2060-601E-4B9F-BEC0-C9C62C34EEF9}.Debug|Any CPU.ActiveCfg = Debug|Any CPU
		{D12D2060-601E-4B9F-BEC0-C9C62C34EEF9}.Debug|Any CPU.Build.0 = Debug|Any CPU
		{D12D2060-601E-4B9F-BEC0-C9C62C34EEF9}.Release|Any CPU.ActiveCfg = Release|Any CPU
		{D12D2060-601E-4B9F-BEC0-C9C62C34EEF9}.Release|Any CPU.Build.0 = Release|Any CPU
		{98E5C2C7-121F-427C-B1EE-0CA962B4D625}.Debug|Any CPU.ActiveCfg = Debug|Any CPU
		{98E5C2C7-121F-427C-B1EE-0CA962B4D625}.Debug|Any CPU.Build.0 = Debug|Any CPU
		{98E5C2C7-121F-427C-B1EE-0CA962B4D625}.Release|Any CPU.ActiveCfg = Release|Any CPU
		{98E5C2C7-121F-427C-B1EE-0CA962B4D625}.Release|Any CPU.Build.0 = Release|Any CPU
	EndGlobalSection
	GlobalSection(SolutionProperties) = preSolution
		HideSolutionNode = FALSE
	EndGlobalSection
	GlobalSection(ExtensibilityGlobals) = postSolution
		SolutionGuid = {899C0FAB-7E3E-4A00-B74A-897796F55BC5}
	EndGlobalSection
EndGlobal
